
Microsoft Visual Studio Solution File, Format Version 12.00
# Visual Studio 15
VisualStudioVersion = 15.0.27428.2043
MinimumVisualStudioVersion = 10.0.40219.1
Project("{FAE04EC0-301F-11D3-BF4B-00C04F79EFBC}") = "GBIplantModel", "GBIplantModel\GBIplantModel.csproj", "{BE225F1B-4014-4A75-A1F1-2D8E4E0845B4}"
EndProject
Project("{FAE04EC0-301F-11D3-BF4B-00C04F79EFBC}") = "GBIplantService", "GBIplantService\GBIplantService.csproj", "{F48DD22F-8200-4FAE-8F92-A38AE0C1D44D}"
EndProject
Project("{FAE04EC0-301F-11D3-BF4B-00C04F79EFBC}") = "GBIplantView", "GBIplantView\GBIplantView.csproj", "{D7CF8575-6E1F-42C6-BF9D-DC656ED0B7D4}"
EndProject
Project("{FAE04EC0-301F-11D3-BF4B-00C04F79EFBC}") = "GBIplantRESTapi", "GBIplantRESTapi\GBIplantRESTapi.csproj", "{CC9F3BD7-BB8F-48A2-8B8B-EC98AAD0B64A}"
EndProject
Global
	GlobalSection(SolutionConfigurationPlatforms) = preSolution
		Debug|Any CPU = Debug|Any CPU
		Release|Any CPU = Release|Any CPU
	EndGlobalSection
	GlobalSection(ProjectConfigurationPlatforms) = postSolution
		{BE225F1B-4014-4A75-A1F1-2D8E4E0845B4}.Debug|Any CPU.ActiveCfg = Debug|Any CPU
		{BE225F1B-4014-4A75-A1F1-2D8E4E0845B4}.Debug|Any CPU.Build.0 = Debug|Any CPU
		{BE225F1B-4014-4A75-A1F1-2D8E4E0845B4}.Release|Any CPU.ActiveCfg = Release|Any CPU
		{BE225F1B-4014-4A75-A1F1-2D8E4E0845B4}.Release|Any CPU.Build.0 = Release|Any CPU
		{F48DD22F-8200-4FAE-8F92-A38AE0C1D44D}.Debug|Any CPU.ActiveCfg = Debug|Any CPU
		{F48DD22F-8200-4FAE-8F92-A38AE0C1D44D}.Debug|Any CPU.Build.0 = Debug|Any CPU
		{F48DD22F-8200-4FAE-8F92-A38AE0C1D44D}.Release|Any CPU.ActiveCfg = Release|Any CPU
		{F48DD22F-8200-4FAE-8F92-A38AE0C1D44D}.Release|Any CPU.Build.0 = Release|Any CPU
		{D7CF8575-6E1F-42C6-BF9D-DC656ED0B7D4}.Debug|Any CPU.ActiveCfg = Debug|Any CPU
		{D7CF8575-6E1F-42C6-BF9D-DC656ED0B7D4}.Debug|Any CPU.Build.0 = Debug|Any CPU
		{D7CF8575-6E1F-42C6-BF9D-DC656ED0B7D4}.Release|Any CPU.ActiveCfg = Release|Any CPU
		{D7CF8575-6E1F-42C6-BF9D-DC656ED0B7D4}.Release|Any CPU.Build.0 = Release|Any CPU
		{CC9F3BD7-BB8F-48A2-8B8B-EC98AAD0B64A}.Debug|Any CPU.ActiveCfg = Debug|Any CPU
		{CC9F3BD7-BB8F-48A2-8B8B-EC98AAD0B64A}.Debug|Any CPU.Build.0 = Debug|Any CPU
		{CC9F3BD7-BB8F-48A2-8B8B-EC98AAD0B64A}.Release|Any CPU.ActiveCfg = Release|Any CPU
		{CC9F3BD7-BB8F-48A2-8B8B-EC98AAD0B64A}.Release|Any CPU.Build.0 = Release|Any CPU
	EndGlobalSection
	GlobalSection(SolutionProperties) = preSolution
		HideSolutionNode = FALSE
	EndGlobalSection
	GlobalSection(ExtensibilityGlobals) = postSolution
		SolutionGuid = {AD54BEAF-76C1-4AB7-97CB-BEABBD959529}
	EndGlobalSection
EndGlobal
